
Microsoft Visual Studio Solution File, Format Version 12.00
# Visual Studio 15
VisualStudioVersion = 15.0.26430.15
MinimumVisualStudioVersion = 10.0.40219.1
Project("{FAE04EC0-301F-11D3-BF4B-00C04F79EFBC}") = "Avatar", "Avatar\Avatar.csproj", "{6FBF397F-5471-474B-AC8E-8F1D17FE8385}"
EndProject
Project("{FAE04EC0-301F-11D3-BF4B-00C04F79EFBC}") = "Avatar - Tutorial", "Avatar - Tutorial\Avatar - Tutorial.csproj", "{5D59ACD8-8BBD-4428-9856-1BC584EA9DAD}"
EndProject
Global
	GlobalSection(SolutionConfigurationPlatforms) = preSolution
		Debug|Any CPU = Debug|Any CPU
		Release|Any CPU = Release|Any CPU
	EndGlobalSection
	GlobalSection(ProjectConfigurationPlatforms) = postSolution
		{6FBF397F-5471-474B-AC8E-8F1D17FE8385}.Debug|Any CPU.ActiveCfg = Debug|Any CPU
		{6FBF397F-5471-474B-AC8E-8F1D17FE8385}.Debug|Any CPU.Build.0 = Debug|Any CPU
		{6FBF397F-5471-474B-AC8E-8F1D17FE8385}.Release|Any CPU.ActiveCfg = Release|Any CPU
		{6FBF397F-5471-474B-AC8E-8F1D17FE8385}.Release|Any CPU.Build.0 = Release|Any CPU
		{5D59ACD8-8BBD-4428-9856-1BC584EA9DAD}.Debug|Any CPU.ActiveCfg = Debug|Any CPU
		{5D59ACD8-8BBD-4428-9856-1BC584EA9DAD}.Debug|Any CPU.Build.0 = Debug|Any CPU
		{5D59ACD8-8BBD-4428-9856-1BC584EA9DAD}.Release|Any CPU.ActiveCfg = Release|Any CPU
		{5D59ACD8-8BBD-4428-9856-1BC584EA9DAD}.Release|Any CPU.Build.0 = Release|Any CPU
	EndGlobalSection
	GlobalSection(SolutionProperties) = preSolution
		HideSolutionNode = FALSE
	EndGlobalSection
EndGlobal
