
Microsoft Visual Studio Solution File, Format Version 12.00
# Visual Studio 15
VisualStudioVersion = 15.0.27004.2006
MinimumVisualStudioVersion = 10.0.40219.1
Project("{9A19103F-16F7-4668-BE54-9A1E7A4F7556}") = "P01_HospitalDatabase.Data", "P01_HospitalDatabase.Data\P01_HospitalDatabase.Data.csproj", "{959DB96C-EEE4-4CED-A99B-4D822AB78DE2}"
EndProject
Project("{9A19103F-16F7-4668-BE54-9A1E7A4F7556}") = "HospitalDatabaseInitializer", "HospitalDatabaseInitializer\HospitalDatabaseInitializer.csproj", "{CED5F453-3355-47CF-8715-E08911CA607C}"
EndProject
Project("{9A19103F-16F7-4668-BE54-9A1E7A4F7556}") = "P03_SalesDatabase.Data", "P03_SalesDatabase.Data\P03_SalesDatabase.Data.csproj", "{18AF0D70-3DF8-4905-A95D-C6741A358BBA}"
EndProject
Project("{9A19103F-16F7-4668-BE54-9A1E7A4F7556}") = "SalesDatabaseInitializer", "SalesDatabaseInitializer\SalesDatabaseInitializer.csproj", "{09DB1B42-1623-4B73-A0FB-3411D3A7D867}"
EndProject
Project("{9A19103F-16F7-4668-BE54-9A1E7A4F7556}") = "P03_SalesDatabase", "P03_SalesDatabase\P03_SalesDatabase.csproj", "{7E4E6F2B-A7B3-4848-9BDA-BC21B7538482}"
EndProject
Project("{FAE04EC0-301F-11D3-BF4B-00C04F79EFBC}") = "P01_HospitalDatabase", "P01_HospitalDatabase\P01_HospitalDatabase.csproj", "{191667EA-6029-4638-9908-7E7154868590}"
EndProject
Global
	GlobalSection(SolutionConfigurationPlatforms) = preSolution
		Debug|Any CPU = Debug|Any CPU
		Release|Any CPU = Release|Any CPU
	EndGlobalSection
	GlobalSection(ProjectConfigurationPlatforms) = postSolution
		{959DB96C-EEE4-4CED-A99B-4D822AB78DE2}.Debug|Any CPU.ActiveCfg = Debug|Any CPU
		{959DB96C-EEE4-4CED-A99B-4D822AB78DE2}.Debug|Any CPU.Build.0 = Debug|Any CPU
		{959DB96C-EEE4-4CED-A99B-4D822AB78DE2}.Release|Any CPU.ActiveCfg = Release|Any CPU
		{959DB96C-EEE4-4CED-A99B-4D822AB78DE2}.Release|Any CPU.Build.0 = Release|Any CPU
		{CED5F453-3355-47CF-8715-E08911CA607C}.Debug|Any CPU.ActiveCfg = Debug|Any CPU
		{CED5F453-3355-47CF-8715-E08911CA607C}.Debug|Any CPU.Build.0 = Debug|Any CPU
		{CED5F453-3355-47CF-8715-E08911CA607C}.Release|Any CPU.ActiveCfg = Release|Any CPU
		{CED5F453-3355-47CF-8715-E08911CA607C}.Release|Any CPU.Build.0 = Release|Any CPU
		{18AF0D70-3DF8-4905-A95D-C6741A358BBA}.Debug|Any CPU.ActiveCfg = Debug|Any CPU
		{18AF0D70-3DF8-4905-A95D-C6741A358BBA}.Debug|Any CPU.Build.0 = Debug|Any CPU
		{18AF0D70-3DF8-4905-A95D-C6741A358BBA}.Release|Any CPU.ActiveCfg = Release|Any CPU
		{18AF0D70-3DF8-4905-A95D-C6741A358BBA}.Release|Any CPU.Build.0 = Release|Any CPU
		{09DB1B42-1623-4B73-A0FB-3411D3A7D867}.Debug|Any CPU.ActiveCfg = Debug|Any CPU
		{09DB1B42-1623-4B73-A0FB-3411D3A7D867}.Debug|Any CPU.Build.0 = Debug|Any CPU
		{09DB1B42-1623-4B73-A0FB-3411D3A7D867}.Release|Any CPU.ActiveCfg = Release|Any CPU
		{09DB1B42-1623-4B73-A0FB-3411D3A7D867}.Release|Any CPU.Build.0 = Release|Any CPU
		{7E4E6F2B-A7B3-4848-9BDA-BC21B7538482}.Debug|Any CPU.ActiveCfg = Debug|Any CPU
		{7E4E6F2B-A7B3-4848-9BDA-BC21B7538482}.Debug|Any CPU.Build.0 = Debug|Any CPU
		{7E4E6F2B-A7B3-4848-9BDA-BC21B7538482}.Release|Any CPU.ActiveCfg = Release|Any CPU
		{7E4E6F2B-A7B3-4848-9BDA-BC21B7538482}.Release|Any CPU.Build.0 = Release|Any CPU
		{191667EA-6029-4638-9908-7E7154868590}.Debug|Any CPU.ActiveCfg = Debug|Any CPU
		{191667EA-6029-4638-9908-7E7154868590}.Debug|Any CPU.Build.0 = Debug|Any CPU
		{191667EA-6029-4638-9908-7E7154868590}.Release|Any CPU.ActiveCfg = Release|Any CPU
		{191667EA-6029-4638-9908-7E7154868590}.Release|Any CPU.Build.0 = Release|Any CPU
	EndGlobalSection
	GlobalSection(SolutionProperties) = preSolution
		HideSolutionNode = FALSE
	EndGlobalSection
	GlobalSection(ExtensibilityGlobals) = postSolution
		SolutionGuid = {9CCA5BA5-1F3A-4098-91D1-0BA2041C4788}
	EndGlobalSection
EndGlobal
