
Microsoft Visual Studio Solution File, Format Version 12.00
# Visual Studio 14
VisualStudioVersion = 14.0.24720.0
MinimumVisualStudioVersion = 10.0.40219.1
Project("{FAE04EC0-301F-11D3-BF4B-00C04F79EFBC}") = "01.Square Area", "Urok_2\01.Square Area.csproj", "{87D75571-B830-4896-B07C-042D78D60A55}"
EndProject
Project("{FAE04EC0-301F-11D3-BF4B-00C04F79EFBC}") = "02.Inches To Centimeters", "Inches-To-Centimeters\02.Inches To Centimeters.csproj", "{B20B3F41-9CB0-4055-ADA3-554762AF773E}"
EndProject
Project("{FAE04EC0-301F-11D3-BF4B-00C04F79EFBC}") = "03.Greeting by Name", "Greeting\03.Greeting by Name.csproj", "{40152BB4-A857-4C4B-AB2F-7E37C61AED94}"
EndProject
Project("{FAE04EC0-301F-11D3-BF4B-00C04F79EFBC}") = "04.Concatenate-Data", "Concatenate-Data\04.Concatenate-Data.csproj", "{59E82AFB-06B1-464F-A4D5-5700843ADE95}"
EndProject
Project("{FAE04EC0-301F-11D3-BF4B-00C04F79EFBC}") = "05.Trapezoid Area", "Trapezoid-Area\05.Trapezoid Area.csproj", "{303D76D2-ECF0-4DA8-94D8-FAB6A1A77070}"
EndProject
Project("{FAE04EC0-301F-11D3-BF4B-00C04F79EFBC}") = "06.Circle Area and Perimeter", "Circle-Perimeter\06.Circle Area and Perimeter.csproj", "{46DBBF2C-220F-4556-A26A-A74BA871C081}"
EndProject
Project("{FAE04EC0-301F-11D3-BF4B-00C04F79EFBC}") = "07.2D Rectangle Area", "2D-Rectangle-Area\07.2D Rectangle Area.csproj", "{DC741F05-30AB-4AE4-A476-7AF02866B319}"
EndProject
Project("{FAE04EC0-301F-11D3-BF4B-00C04F79EFBC}") = "08.BGN-to-EUR-Converter", "BGN-to-EUR-Converter\08.BGN-to-EUR-Converter.csproj", "{1AF97CE6-F466-4AD7-B2F5-C1D7C57EEA26}"
EndProject
Project("{FAE04EC0-301F-11D3-BF4B-00C04F79EFBC}") = "09.Triangle Area", "Triangle Area\09.Triangle Area.csproj", "{407C8A09-696C-4112-9428-E3179C9DF913}"
EndProject
Project("{FAE04EC0-301F-11D3-BF4B-00C04F79EFBC}") = "10.Celsius to Fahrenheit", "Celsius to Fahrenheit\10.Celsius to Fahrenheit.csproj", "{8C718ACD-BEBD-46CB-A81E-FD6C631A40CF}"
EndProject
Project("{FAE04EC0-301F-11D3-BF4B-00C04F79EFBC}") = "11.Radians to Degrees", "Radians to Degrees\11.Radians to Degrees.csproj", "{DD6E294B-4D7B-4B03-A6C5-B0999DE74917}"
EndProject
Project("{FAE04EC0-301F-11D3-BF4B-00C04F79EFBC}") = "12.USD to BGN", "USD to BGN\12.USD to BGN.csproj", "{46279FC7-70F0-4A6B-99E0-C042B23A0373}"
EndProject
Project("{FAE04EC0-301F-11D3-BF4B-00C04F79EFBC}") = "13.CurrencyConverter", "CurrencyConverter\13.CurrencyConverter.csproj", "{2738BCE3-CBC8-4F22-8B00-1683D6F7D64A}"
EndProject
Project("{FAE04EC0-301F-11D3-BF4B-00C04F79EFBC}") = "14.1000 Days After Birth", "1000 Days After Birth\14.1000 Days After Birth.csproj", "{6E00C71E-CA16-4B05-84C5-0D815DEB8930}"
EndProject
Project("{FAE04EC0-301F-11D3-BF4B-00C04F79EFBC}") = "16.Klasna Staq", "Klasna Staq\16.Klasna Staq.csproj", "{8ACD7266-8336-4CF0-B88D-D36336649158}"
EndProject
Project("{FAE04EC0-301F-11D3-BF4B-00C04F79EFBC}") = "17.Zelenchukova Borsa", "Transport Price\17.Zelenchukova Borsa.csproj", "{BA4EFB87-2305-48F5-AFDB-F6C4D575AAC4}"
EndProject
Project("{FAE04EC0-301F-11D3-BF4B-00C04F79EFBC}") = "18.Ремонт на плочки", "Ремонт на плочки\18.Ремонт на плочки.csproj", "{14946CF1-357F-4934-B8D0-2BE37BAD6C42}"
EndProject
Project("{FAE04EC0-301F-11D3-BF4B-00C04F79EFBC}") = "15.Catch The Button", "WindowsFormsApplication1\15.Catch The Button.csproj", "{D195E9F3-A312-4446-B5F9-3E0B53B1D14E}"
EndProject
Global
	GlobalSection(SolutionConfigurationPlatforms) = preSolution
		Debug|Any CPU = Debug|Any CPU
		Release|Any CPU = Release|Any CPU
	EndGlobalSection
	GlobalSection(ProjectConfigurationPlatforms) = postSolution
		{87D75571-B830-4896-B07C-042D78D60A55}.Debug|Any CPU.ActiveCfg = Debug|Any CPU
		{87D75571-B830-4896-B07C-042D78D60A55}.Debug|Any CPU.Build.0 = Debug|Any CPU
		{87D75571-B830-4896-B07C-042D78D60A55}.Release|Any CPU.ActiveCfg = Release|Any CPU
		{87D75571-B830-4896-B07C-042D78D60A55}.Release|Any CPU.Build.0 = Release|Any CPU
		{B20B3F41-9CB0-4055-ADA3-554762AF773E}.Debug|Any CPU.ActiveCfg = Debug|Any CPU
		{B20B3F41-9CB0-4055-ADA3-554762AF773E}.Debug|Any CPU.Build.0 = Debug|Any CPU
		{B20B3F41-9CB0-4055-ADA3-554762AF773E}.Release|Any CPU.ActiveCfg = Release|Any CPU
		{B20B3F41-9CB0-4055-ADA3-554762AF773E}.Release|Any CPU.Build.0 = Release|Any CPU
		{40152BB4-A857-4C4B-AB2F-7E37C61AED94}.Debug|Any CPU.ActiveCfg = Debug|Any CPU
		{40152BB4-A857-4C4B-AB2F-7E37C61AED94}.Debug|Any CPU.Build.0 = Debug|Any CPU
		{40152BB4-A857-4C4B-AB2F-7E37C61AED94}.Release|Any CPU.ActiveCfg = Release|Any CPU
		{40152BB4-A857-4C4B-AB2F-7E37C61AED94}.Release|Any CPU.Build.0 = Release|Any CPU
		{59E82AFB-06B1-464F-A4D5-5700843ADE95}.Debug|Any CPU.ActiveCfg = Debug|Any CPU
		{59E82AFB-06B1-464F-A4D5-5700843ADE95}.Debug|Any CPU.Build.0 = Debug|Any CPU
		{59E82AFB-06B1-464F-A4D5-5700843ADE95}.Release|Any CPU.ActiveCfg = Release|Any CPU
		{59E82AFB-06B1-464F-A4D5-5700843ADE95}.Release|Any CPU.Build.0 = Release|Any CPU
		{303D76D2-ECF0-4DA8-94D8-FAB6A1A77070}.Debug|Any CPU.ActiveCfg = Debug|Any CPU
		{303D76D2-ECF0-4DA8-94D8-FAB6A1A77070}.Debug|Any CPU.Build.0 = Debug|Any CPU
		{303D76D2-ECF0-4DA8-94D8-FAB6A1A77070}.Release|Any CPU.ActiveCfg = Release|Any CPU
		{303D76D2-ECF0-4DA8-94D8-FAB6A1A77070}.Release|Any CPU.Build.0 = Release|Any CPU
		{46DBBF2C-220F-4556-A26A-A74BA871C081}.Debug|Any CPU.ActiveCfg = Debug|Any CPU
		{46DBBF2C-220F-4556-A26A-A74BA871C081}.Debug|Any CPU.Build.0 = Debug|Any CPU
		{46DBBF2C-220F-4556-A26A-A74BA871C081}.Release|Any CPU.ActiveCfg = Release|Any CPU
		{46DBBF2C-220F-4556-A26A-A74BA871C081}.Release|Any CPU.Build.0 = Release|Any CPU
		{DC741F05-30AB-4AE4-A476-7AF02866B319}.Debug|Any CPU.ActiveCfg = Debug|Any CPU
		{DC741F05-30AB-4AE4-A476-7AF02866B319}.Debug|Any CPU.Build.0 = Debug|Any CPU
		{DC741F05-30AB-4AE4-A476-7AF02866B319}.Release|Any CPU.ActiveCfg = Release|Any CPU
		{DC741F05-30AB-4AE4-A476-7AF02866B319}.Release|Any CPU.Build.0 = Release|Any CPU
		{1AF97CE6-F466-4AD7-B2F5-C1D7C57EEA26}.Debug|Any CPU.ActiveCfg = Debug|Any CPU
		{1AF97CE6-F466-4AD7-B2F5-C1D7C57EEA26}.Debug|Any CPU.Build.0 = Debug|Any CPU
		{1AF97CE6-F466-4AD7-B2F5-C1D7C57EEA26}.Release|Any CPU.ActiveCfg = Release|Any CPU
		{1AF97CE6-F466-4AD7-B2F5-C1D7C57EEA26}.Release|Any CPU.Build.0 = Release|Any CPU
		{407C8A09-696C-4112-9428-E3179C9DF913}.Debug|Any CPU.ActiveCfg = Debug|Any CPU
		{407C8A09-696C-4112-9428-E3179C9DF913}.Debug|Any CPU.Build.0 = Debug|Any CPU
		{407C8A09-696C-4112-9428-E3179C9DF913}.Release|Any CPU.ActiveCfg = Release|Any CPU
		{407C8A09-696C-4112-9428-E3179C9DF913}.Release|Any CPU.Build.0 = Release|Any CPU
		{8C718ACD-BEBD-46CB-A81E-FD6C631A40CF}.Debug|Any CPU.ActiveCfg = Debug|Any CPU
		{8C718ACD-BEBD-46CB-A81E-FD6C631A40CF}.Debug|Any CPU.Build.0 = Debug|Any CPU
		{8C718ACD-BEBD-46CB-A81E-FD6C631A40CF}.Release|Any CPU.ActiveCfg = Release|Any CPU
		{8C718ACD-BEBD-46CB-A81E-FD6C631A40CF}.Release|Any CPU.Build.0 = Release|Any CPU
		{DD6E294B-4D7B-4B03-A6C5-B0999DE74917}.Debug|Any CPU.ActiveCfg = Debug|Any CPU
		{DD6E294B-4D7B-4B03-A6C5-B0999DE74917}.Debug|Any CPU.Build.0 = Debug|Any CPU
		{DD6E294B-4D7B-4B03-A6C5-B0999DE74917}.Release|Any CPU.ActiveCfg = Release|Any CPU
		{DD6E294B-4D7B-4B03-A6C5-B0999DE74917}.Release|Any CPU.Build.0 = Release|Any CPU
		{46279FC7-70F0-4A6B-99E0-C042B23A0373}.Debug|Any CPU.ActiveCfg = Debug|Any CPU
		{46279FC7-70F0-4A6B-99E0-C042B23A0373}.Debug|Any CPU.Build.0 = Debug|Any CPU
		{46279FC7-70F0-4A6B-99E0-C042B23A0373}.Release|Any CPU.ActiveCfg = Release|Any CPU
		{46279FC7-70F0-4A6B-99E0-C042B23A0373}.Release|Any CPU.Build.0 = Release|Any CPU
		{2738BCE3-CBC8-4F22-8B00-1683D6F7D64A}.Debug|Any CPU.ActiveCfg = Debug|Any CPU
		{2738BCE3-CBC8-4F22-8B00-1683D6F7D64A}.Debug|Any CPU.Build.0 = Debug|Any CPU
		{2738BCE3-CBC8-4F22-8B00-1683D6F7D64A}.Release|Any CPU.ActiveCfg = Release|Any CPU
		{2738BCE3-CBC8-4F22-8B00-1683D6F7D64A}.Release|Any CPU.Build.0 = Release|Any CPU
		{6E00C71E-CA16-4B05-84C5-0D815DEB8930}.Debug|Any CPU.ActiveCfg = Debug|Any CPU
		{6E00C71E-CA16-4B05-84C5-0D815DEB8930}.Debug|Any CPU.Build.0 = Debug|Any CPU
		{6E00C71E-CA16-4B05-84C5-0D815DEB8930}.Release|Any CPU.ActiveCfg = Release|Any CPU
		{6E00C71E-CA16-4B05-84C5-0D815DEB8930}.Release|Any CPU.Build.0 = Release|Any CPU
		{8ACD7266-8336-4CF0-B88D-D36336649158}.Debug|Any CPU.ActiveCfg = Debug|Any CPU
		{8ACD7266-8336-4CF0-B88D-D36336649158}.Debug|Any CPU.Build.0 = Debug|Any CPU
		{8ACD7266-8336-4CF0-B88D-D36336649158}.Release|Any CPU.ActiveCfg = Release|Any CPU
		{8ACD7266-8336-4CF0-B88D-D36336649158}.Release|Any CPU.Build.0 = Release|Any CPU
		{BA4EFB87-2305-48F5-AFDB-F6C4D575AAC4}.Debug|Any CPU.ActiveCfg = Debug|Any CPU
		{BA4EFB87-2305-48F5-AFDB-F6C4D575AAC4}.Debug|Any CPU.Build.0 = Debug|Any CPU
		{BA4EFB87-2305-48F5-AFDB-F6C4D575AAC4}.Release|Any CPU.ActiveCfg = Release|Any CPU
		{BA4EFB87-2305-48F5-AFDB-F6C4D575AAC4}.Release|Any CPU.Build.0 = Release|Any CPU
		{14946CF1-357F-4934-B8D0-2BE37BAD6C42}.Debug|Any CPU.ActiveCfg = Debug|Any CPU
		{14946CF1-357F-4934-B8D0-2BE37BAD6C42}.Debug|Any CPU.Build.0 = Debug|Any CPU
		{14946CF1-357F-4934-B8D0-2BE37BAD6C42}.Release|Any CPU.ActiveCfg = Release|Any CPU
		{14946CF1-357F-4934-B8D0-2BE37BAD6C42}.Release|Any CPU.Build.0 = Release|Any CPU
		{D195E9F3-A312-4446-B5F9-3E0B53B1D14E}.Debug|Any CPU.ActiveCfg = Debug|Any CPU
		{D195E9F3-A312-4446-B5F9-3E0B53B1D14E}.Debug|Any CPU.Build.0 = Debug|Any CPU
		{D195E9F3-A312-4446-B5F9-3E0B53B1D14E}.Release|Any CPU.ActiveCfg = Release|Any CPU
		{D195E9F3-A312-4446-B5F9-3E0B53B1D14E}.Release|Any CPU.Build.0 = Release|Any CPU
	EndGlobalSection
	GlobalSection(SolutionProperties) = preSolution
		HideSolutionNode = FALSE
	EndGlobalSection
EndGlobal
