
Microsoft Visual Studio Solution File, Format Version 12.00
# Visual Studio 14
VisualStudioVersion = 14.0.24720.0
MinimumVisualStudioVersion = 10.0.40219.1
Project("{FAE04EC0-301F-11D3-BF4B-00C04F79EFBC}") = "01.Personal Titles", "Personal Titles\01.Personal Titles.csproj", "{1F1AA8F7-97FA-4F1F-A4E1-2E92B262898E}"
EndProject
Project("{FAE04EC0-301F-11D3-BF4B-00C04F79EFBC}") = "02.Small Shop", "Small Shop\02.Small Shop.csproj", "{342A1D68-2506-4EDC-9A4E-5AE20E4578B9}"
EndProject
Project("{FAE04EC0-301F-11D3-BF4B-00C04F79EFBC}") = "03.Point in Rectangle", "Point in Rectangle\03.Point in Rectangle.csproj", "{89922935-9581-446B-8F1D-0F432AF820C4}"
EndProject
Project("{FAE04EC0-301F-11D3-BF4B-00C04F79EFBC}") = "04.Fruit or Vegetable", "Fruit or Vegetable\04.Fruit or Vegetable.csproj", "{6A6984BD-F510-4B1E-AA51-02BBDB8D4DE3}"
EndProject
Project("{FAE04EC0-301F-11D3-BF4B-00C04F79EFBC}") = "04.Fruit Or Vegetable_switch", "Fruit Or Vegetable_switch\04.Fruit Or Vegetable_switch.csproj", "{F56282F0-5F3B-4F7D-9B00-90F63CE0520F}"
EndProject
Project("{FAE04EC0-301F-11D3-BF4B-00C04F79EFBC}") = "05.Invalid Number", "Invalid Number\05.Invalid Number.csproj", "{228AC4FF-522B-4416-B4E8-C991BF366F83}"
EndProject
Project("{FAE04EC0-301F-11D3-BF4B-00C04F79EFBC}") = "06.Point on Rectangle Border", "Point on Rectangle Border\06.Point on Rectangle Border.csproj", "{7F243BDB-8737-4C3C-8F10-5C47F55C3EAC}"
EndProject
Project("{FAE04EC0-301F-11D3-BF4B-00C04F79EFBC}") = "07.Fruit Shop", "Fruit Shop\07.Fruit Shop.csproj", "{8A917A6E-A5D4-47FC-9481-7E95629A5E52}"
EndProject
Project("{FAE04EC0-301F-11D3-BF4B-00C04F79EFBC}") = "08.Trade Comissions", "Trade Comissions\08.Trade Comissions.csproj", "{F9B46284-481B-4A83-9771-0DB3CFB792E8}"
EndProject
Project("{FAE04EC0-301F-11D3-BF4B-00C04F79EFBC}") = "09.Day of Week", "Day of Week\09.Day of Week.csproj", "{43015A56-9059-4BC5-911B-2A5EEB096611}"
EndProject
Project("{FAE04EC0-301F-11D3-BF4B-00C04F79EFBC}") = "10.Animal Type", "Animal Type\10.Animal Type.csproj", "{138F5DDF-857E-4FBA-84BC-34DA58ABC7D5}"
EndProject
Project("{FAE04EC0-301F-11D3-BF4B-00C04F79EFBC}") = "12.Cinema", "Cinema\12.Cinema.csproj", "{DB0E309C-4495-4DA4-8825-BEE1B364360D}"
EndProject
Project("{FAE04EC0-301F-11D3-BF4B-00C04F79EFBC}") = "12.Cinema - 2", "Cinema - 2\12.Cinema - 2.csproj", "{670DB293-ABF3-4C4A-BD02-6D6A69B7046D}"
EndProject
Project("{FAE04EC0-301F-11D3-BF4B-00C04F79EFBC}") = "13.Volleyball", "Volleyball\13.Volleyball.csproj", "{A2D8C6B0-F63E-4181-99C7-D18A580FFBC8}"
EndProject
Project("{FAE04EC0-301F-11D3-BF4B-00C04F79EFBC}") = "14.Point in the Figure", "Point in the Figure\14.Point in the Figure.csproj", "{3865D6ED-DFF3-4BFC-8B0A-DF45C19FDD13}"
EndProject
Project("{FAE04EC0-301F-11D3-BF4B-00C04F79EFBC}") = "15.On Time for the Exam", "On Time for the Exam\15.On Time for the Exam.csproj", "{0251F1BE-3BCE-4AA9-A473-71203BA3F854}"
EndProject
Project("{FAE04EC0-301F-11D3-BF4B-00C04F79EFBC}") = "16.Vacantion Trip", "Vacantion Trip\16.Vacantion Trip.csproj", "{AFE681A8-B4D6-428F-998F-40AFB4921EA2}"
EndProject
Project("{FAE04EC0-301F-11D3-BF4B-00C04F79EFBC}") = "17.Operations Between Numbers", "Operations Between Numbers\17.Operations Between Numbers.csproj", "{8F60FD1E-45FA-449C-9CFE-54C7AD285678}"
EndProject
Project("{FAE04EC0-301F-11D3-BF4B-00C04F79EFBC}") = "11.Dot in Rectangle", "11.Dot in Rectangle\11.Dot in Rectangle.csproj", "{2BAE5572-75BE-447F-8FF6-0F50A4BF1CE6}"
EndProject
Global
	GlobalSection(SolutionConfigurationPlatforms) = preSolution
		Debug|Any CPU = Debug|Any CPU
		Release|Any CPU = Release|Any CPU
	EndGlobalSection
	GlobalSection(ProjectConfigurationPlatforms) = postSolution
		{1F1AA8F7-97FA-4F1F-A4E1-2E92B262898E}.Debug|Any CPU.ActiveCfg = Debug|Any CPU
		{1F1AA8F7-97FA-4F1F-A4E1-2E92B262898E}.Debug|Any CPU.Build.0 = Debug|Any CPU
		{1F1AA8F7-97FA-4F1F-A4E1-2E92B262898E}.Release|Any CPU.ActiveCfg = Release|Any CPU
		{1F1AA8F7-97FA-4F1F-A4E1-2E92B262898E}.Release|Any CPU.Build.0 = Release|Any CPU
		{342A1D68-2506-4EDC-9A4E-5AE20E4578B9}.Debug|Any CPU.ActiveCfg = Debug|Any CPU
		{342A1D68-2506-4EDC-9A4E-5AE20E4578B9}.Debug|Any CPU.Build.0 = Debug|Any CPU
		{342A1D68-2506-4EDC-9A4E-5AE20E4578B9}.Release|Any CPU.ActiveCfg = Release|Any CPU
		{342A1D68-2506-4EDC-9A4E-5AE20E4578B9}.Release|Any CPU.Build.0 = Release|Any CPU
		{89922935-9581-446B-8F1D-0F432AF820C4}.Debug|Any CPU.ActiveCfg = Debug|Any CPU
		{89922935-9581-446B-8F1D-0F432AF820C4}.Debug|Any CPU.Build.0 = Debug|Any CPU
		{89922935-9581-446B-8F1D-0F432AF820C4}.Release|Any CPU.ActiveCfg = Release|Any CPU
		{89922935-9581-446B-8F1D-0F432AF820C4}.Release|Any CPU.Build.0 = Release|Any CPU
		{6A6984BD-F510-4B1E-AA51-02BBDB8D4DE3}.Debug|Any CPU.ActiveCfg = Debug|Any CPU
		{6A6984BD-F510-4B1E-AA51-02BBDB8D4DE3}.Debug|Any CPU.Build.0 = Debug|Any CPU
		{6A6984BD-F510-4B1E-AA51-02BBDB8D4DE3}.Release|Any CPU.ActiveCfg = Release|Any CPU
		{6A6984BD-F510-4B1E-AA51-02BBDB8D4DE3}.Release|Any CPU.Build.0 = Release|Any CPU
		{F56282F0-5F3B-4F7D-9B00-90F63CE0520F}.Debug|Any CPU.ActiveCfg = Debug|Any CPU
		{F56282F0-5F3B-4F7D-9B00-90F63CE0520F}.Debug|Any CPU.Build.0 = Debug|Any CPU
		{F56282F0-5F3B-4F7D-9B00-90F63CE0520F}.Release|Any CPU.ActiveCfg = Release|Any CPU
		{F56282F0-5F3B-4F7D-9B00-90F63CE0520F}.Release|Any CPU.Build.0 = Release|Any CPU
		{228AC4FF-522B-4416-B4E8-C991BF366F83}.Debug|Any CPU.ActiveCfg = Debug|Any CPU
		{228AC4FF-522B-4416-B4E8-C991BF366F83}.Debug|Any CPU.Build.0 = Debug|Any CPU
		{228AC4FF-522B-4416-B4E8-C991BF366F83}.Release|Any CPU.ActiveCfg = Release|Any CPU
		{228AC4FF-522B-4416-B4E8-C991BF366F83}.Release|Any CPU.Build.0 = Release|Any CPU
		{7F243BDB-8737-4C3C-8F10-5C47F55C3EAC}.Debug|Any CPU.ActiveCfg = Debug|Any CPU
		{7F243BDB-8737-4C3C-8F10-5C47F55C3EAC}.Debug|Any CPU.Build.0 = Debug|Any CPU
		{7F243BDB-8737-4C3C-8F10-5C47F55C3EAC}.Release|Any CPU.ActiveCfg = Release|Any CPU
		{7F243BDB-8737-4C3C-8F10-5C47F55C3EAC}.Release|Any CPU.Build.0 = Release|Any CPU
		{8A917A6E-A5D4-47FC-9481-7E95629A5E52}.Debug|Any CPU.ActiveCfg = Debug|Any CPU
		{8A917A6E-A5D4-47FC-9481-7E95629A5E52}.Debug|Any CPU.Build.0 = Debug|Any CPU
		{8A917A6E-A5D4-47FC-9481-7E95629A5E52}.Release|Any CPU.ActiveCfg = Release|Any CPU
		{8A917A6E-A5D4-47FC-9481-7E95629A5E52}.Release|Any CPU.Build.0 = Release|Any CPU
		{F9B46284-481B-4A83-9771-0DB3CFB792E8}.Debug|Any CPU.ActiveCfg = Debug|Any CPU
		{F9B46284-481B-4A83-9771-0DB3CFB792E8}.Debug|Any CPU.Build.0 = Debug|Any CPU
		{F9B46284-481B-4A83-9771-0DB3CFB792E8}.Release|Any CPU.ActiveCfg = Release|Any CPU
		{F9B46284-481B-4A83-9771-0DB3CFB792E8}.Release|Any CPU.Build.0 = Release|Any CPU
		{43015A56-9059-4BC5-911B-2A5EEB096611}.Debug|Any CPU.ActiveCfg = Debug|Any CPU
		{43015A56-9059-4BC5-911B-2A5EEB096611}.Debug|Any CPU.Build.0 = Debug|Any CPU
		{43015A56-9059-4BC5-911B-2A5EEB096611}.Release|Any CPU.ActiveCfg = Release|Any CPU
		{43015A56-9059-4BC5-911B-2A5EEB096611}.Release|Any CPU.Build.0 = Release|Any CPU
		{138F5DDF-857E-4FBA-84BC-34DA58ABC7D5}.Debug|Any CPU.ActiveCfg = Debug|Any CPU
		{138F5DDF-857E-4FBA-84BC-34DA58ABC7D5}.Debug|Any CPU.Build.0 = Debug|Any CPU
		{138F5DDF-857E-4FBA-84BC-34DA58ABC7D5}.Release|Any CPU.ActiveCfg = Release|Any CPU
		{138F5DDF-857E-4FBA-84BC-34DA58ABC7D5}.Release|Any CPU.Build.0 = Release|Any CPU
		{DB0E309C-4495-4DA4-8825-BEE1B364360D}.Debug|Any CPU.ActiveCfg = Debug|Any CPU
		{DB0E309C-4495-4DA4-8825-BEE1B364360D}.Debug|Any CPU.Build.0 = Debug|Any CPU
		{DB0E309C-4495-4DA4-8825-BEE1B364360D}.Release|Any CPU.ActiveCfg = Release|Any CPU
		{DB0E309C-4495-4DA4-8825-BEE1B364360D}.Release|Any CPU.Build.0 = Release|Any CPU
		{670DB293-ABF3-4C4A-BD02-6D6A69B7046D}.Debug|Any CPU.ActiveCfg = Debug|Any CPU
		{670DB293-ABF3-4C4A-BD02-6D6A69B7046D}.Debug|Any CPU.Build.0 = Debug|Any CPU
		{670DB293-ABF3-4C4A-BD02-6D6A69B7046D}.Release|Any CPU.ActiveCfg = Release|Any CPU
		{670DB293-ABF3-4C4A-BD02-6D6A69B7046D}.Release|Any CPU.Build.0 = Release|Any CPU
		{A2D8C6B0-F63E-4181-99C7-D18A580FFBC8}.Debug|Any CPU.ActiveCfg = Debug|Any CPU
		{A2D8C6B0-F63E-4181-99C7-D18A580FFBC8}.Debug|Any CPU.Build.0 = Debug|Any CPU
		{A2D8C6B0-F63E-4181-99C7-D18A580FFBC8}.Release|Any CPU.ActiveCfg = Release|Any CPU
		{A2D8C6B0-F63E-4181-99C7-D18A580FFBC8}.Release|Any CPU.Build.0 = Release|Any CPU
		{3865D6ED-DFF3-4BFC-8B0A-DF45C19FDD13}.Debug|Any CPU.ActiveCfg = Debug|Any CPU
		{3865D6ED-DFF3-4BFC-8B0A-DF45C19FDD13}.Debug|Any CPU.Build.0 = Debug|Any CPU
		{3865D6ED-DFF3-4BFC-8B0A-DF45C19FDD13}.Release|Any CPU.ActiveCfg = Release|Any CPU
		{3865D6ED-DFF3-4BFC-8B0A-DF45C19FDD13}.Release|Any CPU.Build.0 = Release|Any CPU
		{0251F1BE-3BCE-4AA9-A473-71203BA3F854}.Debug|Any CPU.ActiveCfg = Debug|Any CPU
		{0251F1BE-3BCE-4AA9-A473-71203BA3F854}.Debug|Any CPU.Build.0 = Debug|Any CPU
		{0251F1BE-3BCE-4AA9-A473-71203BA3F854}.Release|Any CPU.ActiveCfg = Release|Any CPU
		{0251F1BE-3BCE-4AA9-A473-71203BA3F854}.Release|Any CPU.Build.0 = Release|Any CPU
		{AFE681A8-B4D6-428F-998F-40AFB4921EA2}.Debug|Any CPU.ActiveCfg = Debug|Any CPU
		{AFE681A8-B4D6-428F-998F-40AFB4921EA2}.Debug|Any CPU.Build.0 = Debug|Any CPU
		{AFE681A8-B4D6-428F-998F-40AFB4921EA2}.Release|Any CPU.ActiveCfg = Release|Any CPU
		{AFE681A8-B4D6-428F-998F-40AFB4921EA2}.Release|Any CPU.Build.0 = Release|Any CPU
		{8F60FD1E-45FA-449C-9CFE-54C7AD285678}.Debug|Any CPU.ActiveCfg = Debug|Any CPU
		{8F60FD1E-45FA-449C-9CFE-54C7AD285678}.Debug|Any CPU.Build.0 = Debug|Any CPU
		{8F60FD1E-45FA-449C-9CFE-54C7AD285678}.Release|Any CPU.ActiveCfg = Release|Any CPU
		{8F60FD1E-45FA-449C-9CFE-54C7AD285678}.Release|Any CPU.Build.0 = Release|Any CPU
		{2BAE5572-75BE-447F-8FF6-0F50A4BF1CE6}.Debug|Any CPU.ActiveCfg = Debug|Any CPU
		{2BAE5572-75BE-447F-8FF6-0F50A4BF1CE6}.Debug|Any CPU.Build.0 = Debug|Any CPU
		{2BAE5572-75BE-447F-8FF6-0F50A4BF1CE6}.Release|Any CPU.ActiveCfg = Release|Any CPU
		{2BAE5572-75BE-447F-8FF6-0F50A4BF1CE6}.Release|Any CPU.Build.0 = Release|Any CPU
	EndGlobalSection
	GlobalSection(SolutionProperties) = preSolution
		HideSolutionNode = FALSE
	EndGlobalSection
EndGlobal
