
Microsoft Visual Studio Solution File, Format Version 12.00
# Visual Studio 15
VisualStudioVersion = 15.0.27130.2010
MinimumVisualStudioVersion = 10.0.40219.1
Project("{FAE04EC0-301F-11D3-BF4B-00C04F79EFBC}") = "01. Problem", "01. Problem\01. Problem.csproj", "{988E18A0-4E67-493D-8DFE-0E78BB2D9519}"
EndProject
Project("{FAE04EC0-301F-11D3-BF4B-00C04F79EFBC}") = "03. Number Wars", "03. Number Wars\03. Number Wars.csproj", "{1EFC3296-1B83-4EAC-B818-C7AF053604A9}"
EndProject
Project("{FAE04EC0-301F-11D3-BF4B-00C04F79EFBC}") = "04. Hospital", "04. Hospital\04. Hospital.csproj", "{908DCFAB-8088-4DCF-ABF9-5BB7912B7E09}"
EndProject
Project("{FAE04EC0-301F-11D3-BF4B-00C04F79EFBC}") = "02. Knight Game", "02. Knight Game\02. Knight Game.csproj", "{C791F8E8-FD6C-4CE2-A6DC-6336EA1FB006}"
EndProject
Global
	GlobalSection(SolutionConfigurationPlatforms) = preSolution
		Debug|Any CPU = Debug|Any CPU
		Release|Any CPU = Release|Any CPU
	EndGlobalSection
	GlobalSection(ProjectConfigurationPlatforms) = postSolution
		{988E18A0-4E67-493D-8DFE-0E78BB2D9519}.Debug|Any CPU.ActiveCfg = Debug|Any CPU
		{988E18A0-4E67-493D-8DFE-0E78BB2D9519}.Debug|Any CPU.Build.0 = Debug|Any CPU
		{988E18A0-4E67-493D-8DFE-0E78BB2D9519}.Release|Any CPU.ActiveCfg = Release|Any CPU
		{988E18A0-4E67-493D-8DFE-0E78BB2D9519}.Release|Any CPU.Build.0 = Release|Any CPU
		{1EFC3296-1B83-4EAC-B818-C7AF053604A9}.Debug|Any CPU.ActiveCfg = Debug|Any CPU
		{1EFC3296-1B83-4EAC-B818-C7AF053604A9}.Debug|Any CPU.Build.0 = Debug|Any CPU
		{1EFC3296-1B83-4EAC-B818-C7AF053604A9}.Release|Any CPU.ActiveCfg = Release|Any CPU
		{1EFC3296-1B83-4EAC-B818-C7AF053604A9}.Release|Any CPU.Build.0 = Release|Any CPU
		{908DCFAB-8088-4DCF-ABF9-5BB7912B7E09}.Debug|Any CPU.ActiveCfg = Debug|Any CPU
		{908DCFAB-8088-4DCF-ABF9-5BB7912B7E09}.Debug|Any CPU.Build.0 = Debug|Any CPU
		{908DCFAB-8088-4DCF-ABF9-5BB7912B7E09}.Release|Any CPU.ActiveCfg = Release|Any CPU
		{908DCFAB-8088-4DCF-ABF9-5BB7912B7E09}.Release|Any CPU.Build.0 = Release|Any CPU
		{C791F8E8-FD6C-4CE2-A6DC-6336EA1FB006}.Debug|Any CPU.ActiveCfg = Debug|Any CPU
		{C791F8E8-FD6C-4CE2-A6DC-6336EA1FB006}.Debug|Any CPU.Build.0 = Debug|Any CPU
		{C791F8E8-FD6C-4CE2-A6DC-6336EA1FB006}.Release|Any CPU.ActiveCfg = Release|Any CPU
		{C791F8E8-FD6C-4CE2-A6DC-6336EA1FB006}.Release|Any CPU.Build.0 = Release|Any CPU
	EndGlobalSection
	GlobalSection(SolutionProperties) = preSolution
		HideSolutionNode = FALSE
	EndGlobalSection
	GlobalSection(ExtensibilityGlobals) = postSolution
		SolutionGuid = {F6C620F7-885E-41DF-89E6-DD22F56D83A3}
	EndGlobalSection
EndGlobal
